// !$*UTF8*$!
{
	archiveVersion = 1;
	classes = {
	};
	objectVersion = 50;
	objects = {

/* Begin PBXBuildFile section */
		A721553520C56FB600E93012 /* AppDelegate.swift in Sources */ = {isa = PBXBuildFile; fileRef = A721553420C56FB600E93012 /* AppDelegate.swift */; };
		A721554820C57B0500E93012 /* AppListViewController.swift in Sources */ = {isa = PBXBuildFile; fileRef = A721554720C57B0500E93012 /* AppListViewController.swift */; };
		A721554C20C57B7B00E93012 /* App.swift in Sources */ = {isa = PBXBuildFile; fileRef = A721554B20C57B7B00E93012 /* App.swift */; };
		A721554F20C57BFC00E93012 /* RestAPIManager.swift in Sources */ = {isa = PBXBuildFile; fileRef = A721554E20C57BFC00E93012 /* RestAPIManager.swift */; };
		A721555120C57CD700E93012 /* AppDetailViewController.swift in Sources */ = {isa = PBXBuildFile; fileRef = A721555020C57CD700E93012 /* AppDetailViewController.swift */; };
		A721555820C57F6900E93012 /* Assets.xcassets in Resources */ = {isa = PBXBuildFile; fileRef = A721555420C57F6900E93012 /* Assets.xcassets */; };
		A721555920C57F6900E93012 /* LaunchScreen.storyboard in Resources */ = {isa = PBXBuildFile; fileRef = A721555520C57F6900E93012 /* LaunchScreen.storyboard */; };
		A721555E20C57F7F00E93012 /* UIViewController+Container.swift in Sources */ = {isa = PBXBuildFile; fileRef = A721555B20C57F7F00E93012 /* UIViewController+Container.swift */; };
		A721556020C57F7F00E93012 /* UIViewController+Anchor.swift in Sources */ = {isa = PBXBuildFile; fileRef = A721555D20C57F7F00E93012 /* UIViewController+Anchor.swift */; };
		A721556420C5935400E93012 /* README.md in Resources */ = {isa = PBXBuildFile; fileRef = A721556320C5935400E93012 /* README.md */; };
/* End PBXBuildFile section */

/* Begin PBXFileReference section */
		A721553120C56FB600E93012 /* MVC.app */ = {isa = PBXFileReference; explicitFileType = wrapper.application; includeInIndex = 0; path = MVC.app; sourceTree = BUILT_PRODUCTS_DIR; };
		A721553420C56FB600E93012 /* AppDelegate.swift */ = {isa = PBXFileReference; lastKnownFileType = sourcecode.swift; path = AppDelegate.swift; sourceTree = "<group>"; };
		A721554720C57B0500E93012 /* AppListViewController.swift */ = {isa = PBXFileReference; lastKnownFileType = sourcecode.swift; path = AppListViewController.swift; sourceTree = "<group>"; };
		A721554B20C57B7B00E93012 /* App.swift */ = {isa = PBXFileReference; lastKnownFileType = sourcecode.swift; path = App.swift; sourceTree = "<group>"; };
		A721554E20C57BFC00E93012 /* RestAPIManager.swift */ = {isa = PBXFileReference; lastKnownFileType = sourcecode.swift; path = RestAPIManager.swift; sourceTree = "<group>"; };
		A721555020C57CD700E93012 /* AppDetailViewController.swift */ = {isa = PBXFileReference; lastKnownFileType = sourcecode.swift; path = AppDetailViewController.swift; sourceTree = "<group>"; };
		A721555420C57F6900E93012 /* Assets.xcassets */ = {isa = PBXFileReference; lastKnownFileType = folder.assetcatalog; path = Assets.xcassets; sourceTree = "<group>"; };
		A721555620C57F6900E93012 /* Base */ = {isa = PBXFileReference; lastKnownFileType = file.storyboard; name = Base; path = Base.lproj/LaunchScreen.storyboard; sourceTree = "<group>"; };
		A721555720C57F6900E93012 /* Info.plist */ = {isa = PBXFileReference; fileEncoding = 4; lastKnownFileType = text.plist.xml; path = Info.plist; sourceTree = "<group>"; };
		A721555B20C57F7F00E93012 /* UIViewController+Container.swift */ = {isa = PBXFileReference; fileEncoding = 4; lastKnownFileType = sourcecode.swift; path = "UIViewController+Container.swift"; sourceTree = "<group>"; };
		A721555D20C57F7F00E93012 /* UIViewController+Anchor.swift */ = {isa = PBXFileReference; fileEncoding = 4; lastKnownFileType = sourcecode.swift; path = "UIViewController+Anchor.swift"; sourceTree = "<group>"; };
		A721556320C5935400E93012 /* README.md */ = {isa = PBXFileReference; fileEncoding = 4; lastKnownFileType = net.daringfireball.markdown; path = README.md; sourceTree = "<group>"; };
/* End PBXFileReference section */

/* Begin PBXFrameworksBuildPhase section */
		A721552E20C56FB500E93012 /* Frameworks */ = {
			isa = PBXFrameworksBuildPhase;
			buildActionMask = 2147483647;
			files = (
			);
			runOnlyForDeploymentPostprocessing = 0;
		};
/* End PBXFrameworksBuildPhase section */

/* Begin PBXGroup section */
		A721552820C56FB500E93012 = {
			isa = PBXGroup;
			children = (
				A721556320C5935400E93012 /* README.md */,
				A721553320C56FB600E93012 /* MVC */,
				A721553220C56FB600E93012 /* Products */,
			);
			sourceTree = "<group>";
		};
		A721553220C56FB600E93012 /* Products */ = {
			isa = PBXGroup;
			children = (
				A721553120C56FB600E93012 /* MVC.app */,
			);
			name = Products;
			sourceTree = "<group>";
		};
		A721553320C56FB600E93012 /* MVC */ = {
			isa = PBXGroup;
			children = (
				A721555220C57F2800E93012 /* Helpers */,
				A721554D20C57BEF00E93012 /* Network */,
				A721554A20C57B5100E93012 /* UI */,
				A721554920C57B4B00E93012 /* Model */,
				A721553420C56FB600E93012 /* AppDelegate.swift */,
				A721555320C57F6900E93012 /* Supporting Files */,
			);
			path = MVC;
			sourceTree = "<group>";
		};
		A721554620C57A8500E93012 /* Before */ = {
			isa = PBXGroup;
			children = (
				A721554720C57B0500E93012 /* AppListViewController.swift */,
				A721555020C57CD700E93012 /* AppDetailViewController.swift */,
			);
			path = Before;
			sourceTree = "<group>";
		};
		A721554920C57B4B00E93012 /* Model */ = {
			isa = PBXGroup;
			children = (
				A721554B20C57B7B00E93012 /* App.swift */,
			);
			path = Model;
			sourceTree = "<group>";
		};
		A721554A20C57B5100E93012 /* UI */ = {
			isa = PBXGroup;
			children = (
				A721554620C57A8500E93012 /* Before */,
			);
			path = UI;
			sourceTree = "<group>";
		};
		A721554D20C57BEF00E93012 /* Network */ = {
			isa = PBXGroup;
			children = (
				A721554E20C57BFC00E93012 /* RestAPIManager.swift */,
			);
			path = Network;
			sourceTree = "<group>";
		};
		A721555220C57F2800E93012 /* Helpers */ = {
			isa = PBXGroup;
			children = (
				A721555D20C57F7F00E93012 /* UIViewController+Anchor.swift */,
				A721555B20C57F7F00E93012 /* UIViewController+Container.swift */,
			);
			path = Helpers;
			sourceTree = "<group>";
		};
		A721555320C57F6900E93012 /* Supporting Files */ = {
			isa = PBXGroup;
			children = (
				A721555420C57F6900E93012 /* Assets.xcassets */,
				A721555520C57F6900E93012 /* LaunchScreen.storyboard */,
				A721555720C57F6900E93012 /* Info.plist */,
			);
			path = "Supporting Files";
			sourceTree = "<group>";
		};
/* End PBXGroup section */

/* Begin PBXNativeTarget section */
		A721553020C56FB500E93012 /* MVC */ = {
			isa = PBXNativeTarget;
			buildConfigurationList = A721554320C56FB700E93012 /* Build configuration list for PBXNativeTarget "MVC" */;
			buildPhases = (
				A721552D20C56FB500E93012 /* Sources */,
				A721552E20C56FB500E93012 /* Frameworks */,
				A721552F20C56FB500E93012 /* Resources */,
			);
			buildRules = (
			);
			dependencies = (
			);
			name = MVC;
			productName = ModernMVC;
			productReference = A721553120C56FB600E93012 /* MVC.app */;
			productType = "com.apple.product-type.application";
		};
/* End PBXNativeTarget section */

/* Begin PBXProject section */
		A721552920C56FB500E93012 /* Project object */ = {
			isa = PBXProject;
			attributes = {
				LastSwiftUpdateCheck = 0940;
				LastUpgradeCheck = 0940;
				ORGANIZATIONNAME = Viseo;
				TargetAttributes = {
					A721553020C56FB500E93012 = {
						CreatedOnToolsVersion = 9.4;
					};
				};
			};
			buildConfigurationList = A721552C20C56FB500E93012 /* Build configuration list for PBXProject "MVC" */;
			compatibilityVersion = "Xcode 9.3";
			developmentRegion = en;
			hasScannedForEncodings = 0;
			knownRegions = (
				en,
				Base,
			);
			mainGroup = A721552820C56FB500E93012;
			productRefGroup = A721553220C56FB600E93012 /* Products */;
			projectDirPath = "";
			projectRoot = "";
			targets = (
				A721553020C56FB500E93012 /* MVC */,
			);
		};
/* End PBXProject section */

/* Begin PBXResourcesBuildPhase section */
		A721552F20C56FB500E93012 /* Resources */ = {
			isa = PBXResourcesBuildPhase;
			buildActionMask = 2147483647;
			files = (
				A721556420C5935400E93012 /* README.md in Resources */,
				A721555820C57F6900E93012 /* Assets.xcassets in Resources */,
				A721555920C57F6900E93012 /* LaunchScreen.storyboard in Resources */,
			);
			runOnlyForDeploymentPostprocessing = 0;
		};
/* End PBXResourcesBuildPhase section */

/* Begin PBXSourcesBuildPhase section */
		A721552D20C56FB500E93012 /* Sources */ = {
			isa = PBXSourcesBuildPhase;
			buildActionMask = 2147483647;
			files = (
				A721554C20C57B7B00E93012 /* App.swift in Sources */,
				A721555120C57CD700E93012 /* AppDetailViewController.swift in Sources */,
				A721556020C57F7F00E93012 /* UIViewController+Anchor.swift in Sources */,
				A721554820C57B0500E93012 /* AppListViewController.swift in Sources */,
				A721554F20C57BFC00E93012 /* RestAPIManager.swift in Sources */,
				A721555E20C57F7F00E93012 /* UIViewController+Container.swift in Sources */,
				A721553520C56FB600E93012 /* AppDelegate.swift in Sources */,
			);
			runOnlyForDeploymentPostprocessing = 0;
		};
/* End PBXSourcesBuildPhase section */

/* Begin PBXVariantGroup section */
		A721555520C57F6900E93012 /* LaunchScreen.storyboard */ = {
			isa = PBXVariantGroup;
			children = (
				A721555620C57F6900E93012 /* Base */,
			);
			name = LaunchScreen.storyboard;
			sourceTree = "<group>";
		};
/* End PBXVariantGroup section */

/* Begin XCBuildConfiguration section */
		A721554120C56FB700E93012 /* Debug */ = {
			isa = XCBuildConfiguration;
			buildSettings = {
				ALWAYS_SEARCH_USER_PATHS = NO;
				CLANG_ANALYZER_NONNULL = YES;
				CLANG_ANALYZER_NUMBER_OBJECT_CONVERSION = YES_AGGRESSIVE;
				CLANG_CXX_LANGUAGE_STANDARD = "gnu++14";
				CLANG_CXX_LIBRARY = "libc++";
				CLANG_ENABLE_MODULES = YES;
				CLANG_ENABLE_OBJC_ARC = YES;
				CLANG_ENABLE_OBJC_WEAK = YES;
				CLANG_WARN_BLOCK_CAPTURE_AUTORELEASING = YES;
				CLANG_WARN_BOOL_CONVERSION = YES;
				CLANG_WARN_COMMA = YES;
				CLANG_WARN_CONSTANT_CONVERSION = YES;
				CLANG_WARN_DEPRECATED_OBJC_IMPLEMENTATIONS = YES;
				CLANG_WARN_DIRECT_OBJC_ISA_USAGE = YES_ERROR;
				CLANG_WARN_DOCUMENTATION_COMMENTS = YES;
				CLANG_WARN_EMPTY_BODY = YES;
				CLANG_WARN_ENUM_CONVERSION = YES;
				CLANG_WARN_INFINITE_RECURSION = YES;
				CLANG_WARN_INT_CONVERSION = YES;
				CLANG_WARN_NON_LITERAL_NULL_CONVERSION = YES;
				CLANG_WARN_OBJC_IMPLICIT_RETAIN_SELF = YES;
				CLANG_WARN_OBJC_LITERAL_CONVERSION = YES;
				CLANG_WARN_OBJC_ROOT_CLASS = YES_ERROR;
				CLANG_WARN_RANGE_LOOP_ANALYSIS = YES;
				CLANG_WARN_STRICT_PROTOTYPES = YES;
				CLANG_WARN_SUSPICIOUS_MOVE = YES;
				CLANG_WARN_UNGUARDED_AVAILABILITY = YES_AGGRESSIVE;
				CLANG_WARN_UNREACHABLE_CODE = YES;
				CLANG_WARN__DUPLICATE_METHOD_MATCH = YES;
				CODE_SIGN_IDENTITY = "iPhone Developer";
				COPY_PHASE_STRIP = NO;
				DEBUG_INFORMATION_FORMAT = dwarf;
				ENABLE_STRICT_OBJC_MSGSEND = YES;
				ENABLE_TESTABILITY = YES;
				GCC_C_LANGUAGE_STANDARD = gnu11;
				GCC_DYNAMIC_NO_PIC = NO;
				GCC_NO_COMMON_BLOCKS = YES;
				GCC_OPTIMIZATION_LEVEL = 0;
				GCC_PREPROCESSOR_DEFINITIONS = (
					"DEBUG=1",
					"$(inherited)",
				);
				GCC_WARN_64_TO_32_BIT_CONVERSION = YES;
				GCC_WARN_ABOUT_RETURN_TYPE = YES_ERROR;
				GCC_WARN_UNDECLARED_SELECTOR = YES;
				GCC_WARN_UNINITIALIZED_AUTOS = YES_AGGRESSIVE;
				GCC_WARN_UNUSED_FUNCTION = YES;
				GCC_WARN_UNUSED_VARIABLE = YES;
				IPHONEOS_DEPLOYMENT_TARGET = 11.4;
				MTL_ENABLE_DEBUG_INFO = YES;
				ONLY_ACTIVE_ARCH = YES;
				SDKROOT = iphoneos;
				SWIFT_ACTIVE_COMPILATION_CONDITIONS = DEBUG;
				SWIFT_OPTIMIZATION_LEVEL = "-Onone";
			};
			name = Debug;
		};
		A721554220C56FB700E93012 /* Release */ = {
			isa = XCBuildConfiguration;
			buildSettings = {
				ALWAYS_SEARCH_USER_PATHS = NO;
				CLANG_ANALYZER_NONNULL = YES;
				CLANG_ANALYZER_NUMBER_OBJECT_CONVERSION = YES_AGGRESSIVE;
				CLANG_CXX_LANGUAGE_STANDARD = "gnu++14";
				CLANG_CXX_LIBRARY = "libc++";
				CLANG_ENABLE_MODULES = YES;
				CLANG_ENABLE_OBJC_ARC = YES;
				CLANG_ENABLE_OBJC_WEAK = YES;
				CLANG_WARN_BLOCK_CAPTURE_AUTORELEASING = YES;
				CLANG_WARN_BOOL_CONVERSION = YES;
				CLANG_WARN_COMMA = YES;
				CLANG_WARN_CONSTANT_CONVERSION = YES;
				CLANG_WARN_DEPRECATED_OBJC_IMPLEMENTATIONS = YES;
				CLANG_WARN_DIRECT_OBJC_ISA_USAGE = YES_ERROR;
				CLANG_WARN_DOCUMENTATION_COMMENTS = YES;
				CLANG_WARN_EMPTY_BODY = YES;
				CLANG_WARN_ENUM_CONVERSION = YES;
				CLANG_WARN_INFINITE_RECURSION = YES;
				CLANG_WARN_INT_CONVERSION = YES;
				CLANG_WARN_NON_LITERAL_NULL_CONVERSION = YES;
				CLANG_WARN_OBJC_IMPLICIT_RETAIN_SELF = YES;
				CLANG_WARN_OBJC_LITERAL_CONVERSION = YES;
				CLANG_WARN_OBJC_ROOT_CLASS = YES_ERROR;
				CLANG_WARN_RANGE_LOOP_ANALYSIS = YES;
				CLANG_WARN_STRICT_PROTOTYPES = YES;
				CLANG_WARN_SUSPICIOUS_MOVE = YES;
				CLANG_WARN_UNGUARDED_AVAILABILITY = YES_AGGRESSIVE;
				CLANG_WARN_UNREACHABLE_CODE = YES;
				CLANG_WARN__DUPLICATE_METHOD_MATCH = YES;
				CODE_SIGN_IDENTITY = "iPhone Developer";
				COPY_PHASE_STRIP = NO;
				DEBUG_INFORMATION_FORMAT = "dwarf-with-dsym";
				ENABLE_NS_ASSERTIONS = NO;
				ENABLE_STRICT_OBJC_MSGSEND = YES;
				GCC_C_LANGUAGE_STANDARD = gnu11;
				GCC_NO_COMMON_BLOCKS = YES;
				GCC_WARN_64_TO_32_BIT_CONVERSION = YES;
				GCC_WARN_ABOUT_RETURN_TYPE = YES_ERROR;
				GCC_WARN_UNDECLARED_SELECTOR = YES;
				GCC_WARN_UNINITIALIZED_AUTOS = YES_AGGRESSIVE;
				GCC_WARN_UNUSED_FUNCTION = YES;
				GCC_WARN_UNUSED_VARIABLE = YES;
				IPHONEOS_DEPLOYMENT_TARGET = 11.4;
				MTL_ENABLE_DEBUG_INFO = NO;
				SDKROOT = iphoneos;
				SWIFT_COMPILATION_MODE = wholemodule;
				SWIFT_OPTIMIZATION_LEVEL = "-O";
				VALIDATE_PRODUCT = YES;
			};
			name = Release;
		};
		A721554420C56FB700E93012 /* Debug */ = {
			isa = XCBuildConfiguration;
			buildSettings = {
				ASSETCATALOG_COMPILER_APPICON_NAME = AppIcon;
				CODE_SIGN_STYLE = Automatic;
				DEVELOPMENT_TEAM = C35G5EW7P5;
				INFOPLIST_FILE = "$(SRCROOT)/MVC/Supporting Files/Info.plist";
				IPHONEOS_DEPLOYMENT_TARGET = 11.0;
				LD_RUNPATH_SEARCH_PATHS = (
					"$(inherited)",
					"@executable_path/Frameworks",
				);
				PRODUCT_BUNDLE_IDENTIFIER = com.viseo.ModernMVC;
				PRODUCT_NAME = "$(TARGET_NAME)";
				SWIFT_VERSION = 4.0;
				TARGETED_DEVICE_FAMILY = "1,2";
			};
			name = Debug;
		};
		A721554520C56FB700E93012 /* Release */ = {
			isa = XCBuildConfiguration;
			buildSettings = {
				ASSETCATALOG_COMPILER_APPICON_NAME = AppIcon;
				CODE_SIGN_STYLE = Automatic;
				DEVELOPMENT_TEAM = C35G5EW7P5;
				INFOPLIST_FILE = "$(SRCROOT)/MVC/Supporting Files/Info.plist";
				IPHONEOS_DEPLOYMENT_TARGET = 11.0;
				LD_RUNPATH_SEARCH_PATHS = (
					"$(inherited)",
					"@executable_path/Frameworks",
				);
				PRODUCT_BUNDLE_IDENTIFIER = com.viseo.ModernMVC;
				PRODUCT_NAME = "$(TARGET_NAME)";
				SWIFT_VERSION = 4.0;
				TARGETED_DEVICE_FAMILY = "1,2";
			};
			name = Release;
		};
/* End XCBuildConfiguration section */

/* Begin XCConfigurationList section */
		A721552C20C56FB500E93012 /* Build configuration list for PBXProject "MVC" */ = {
			isa = XCConfigurationList;
			buildConfigurations = (
				A721554120C56FB700E93012 /* Debug */,
				A721554220C56FB700E93012 /* Release */,
			);
			defaultConfigurationIsVisible = 0;
			defaultConfigurationName = Release;
		};
		A721554320C56FB700E93012 /* Build configuration list for PBXNativeTarget "MVC" */ = {
			isa = XCConfigurationList;
			buildConfigurations = (
				A721554420C56FB700E93012 /* Debug */,
				A721554520C56FB700E93012 /* Release */,
			);
			defaultConfigurationIsVisible = 0;
			defaultConfigurationName = Release;
		};
/* End XCConfigurationList section */
	};
	rootObject = A721552920C56FB500E93012 /* Project object */;
}
